
Microsoft Visual Studio Solution File, Format Version 12.00
# Visual Studio Version 17
VisualStudioVersion = 17.8.34309.116
MinimumVisualStudioVersion = 10.0.40219.1
Project("{9A19103F-16F7-4668-BE54-9A1E7A4F7556}") = "BookingHotel.Core", "BookingHotel.Core\BookingHotel.Core.csproj", "{79496CAD-A7AE-4130-A2CA-7699C76EA6EB}"
EndProject
Project("{9A19103F-16F7-4668-BE54-9A1E7A4F7556}") = "BookingHotel.Api", "BookingHotel.Api\BookingHotel.Api.csproj", "{9AD61FFD-31FC-42F4-B16B-DCB7AD1F4500}"
EndProject
Global
	GlobalSection(SolutionConfigurationPlatforms) = preSolution
		Debug|Any CPU = Debug|Any CPU
		Release|Any CPU = Release|Any CPU
	EndGlobalSection
	GlobalSection(ProjectConfigurationPlatforms) = postSolution
		{79496CAD-A7AE-4130-A2CA-7699C76EA6EB}.Debug|Any CPU.ActiveCfg = Debug|Any CPU
		{79496CAD-A7AE-4130-A2CA-7699C76EA6EB}.Debug|Any CPU.Build.0 = Debug|Any CPU
		{79496CAD-A7AE-4130-A2CA-7699C76EA6EB}.Release|Any CPU.ActiveCfg = Release|Any CPU
		{79496CAD-A7AE-4130-A2CA-7699C76EA6EB}.Release|Any CPU.Build.0 = Release|Any CPU
		{9AD61FFD-31FC-42F4-B16B-DCB7AD1F4500}.Debug|Any CPU.ActiveCfg = Debug|Any CPU
		{9AD61FFD-31FC-42F4-B16B-DCB7AD1F4500}.Debug|Any CPU.Build.0 = Debug|Any CPU
		{9AD61FFD-31FC-42F4-B16B-DCB7AD1F4500}.Release|Any CPU.ActiveCfg = Release|Any CPU
		{9AD61FFD-31FC-42F4-B16B-DCB7AD1F4500}.Release|Any CPU.Build.0 = Release|Any CPU
	EndGlobalSection
	GlobalSection(SolutionProperties) = preSolution
		HideSolutionNode = FALSE
	EndGlobalSection
	GlobalSection(ExtensibilityGlobals) = postSolution
		SolutionGuid = {0C6FD682-FB50-4931-8357-12254343ABB3}
	EndGlobalSection
EndGlobal
